dependencies:
- name: kube-state-metrics
  repository: https://kubernetes-charts.storage.googleapis.com/
  version: 0.8.2
- name: prometheus-node-exporter
  repository: https://kubernetes-charts.storage.googleapis.com/
  version: 0.5.0
- name: grafana
  repository: https://kubernetes-charts.storage.googleapis.com/
  version: 1.17.2
digest: sha256:27b5dc173cb8b1b068586a5a63757bf33bfe11f0e709128f9e37c58efdae1f61
generated: 2018-10-20T21:36:38.7236156+01:00
